Microsoft Visual Studio Solution File, Format Version 12.00
# Visual Studio Version 17
VisualStudioVersion = 17.0.31903.59
MinimumVisualStudioVersion = 10.0.40219.1
Project("{FAE04EC0-301F-11D3-BF4B-00C04F79EFBC}") = "TransDuck.Core", "..\shared\src\TransDuck.Core\TransDuck.Core.csproj", "{AA03C0C6-1D9C-4D35-8664-8A9C0E0508CE}"
EndProject
Project("{FAE04EC0-301F-11D3-BF4B-00C04F79EFBC}") = "TransDuck.Infrastructure", "..\shared\src\TransDuck.Infrastructure\TransDuck.Infrastructure.csproj", "{B63861EC-1FA2-47A9-BA30-E65D259AEBF7}"
EndProject
Project("{FAE04EC0-301F-11D3-BF4B-00C04F79EFBC}") = "TransDuck.Core.Tests", "..\shared\tests\TransDuck.Core.Tests\TransDuck.Core.Tests.csproj", "{EA1575D2-0C4C-4A27-8888-7D4F0AE6FEAD}"
EndProject
Project("{FAE04EC0-301F-11D3-BF4B-00C04F79EFBC}") = "TransDuck.Infrastructure.Tests", "..\shared\tests\TransDuck.Infrastructure.Tests\TransDuck.Infrastructure.Tests.csproj", "{42E47CC0-7886-43C1-A64A-CB048B41E65A}"
EndProject
Project("{FAE04EC0-301F-11D3-BF4B-00C04F79EFBC}") = "TransDuck.Platform.MacOS", "src\TransDuck.Platform.MacOS\TransDuck.Platform.MacOS.csproj", "{09E73434-74FB-42D8-BD67-08464EB1692B}"
EndProject
Project("{FAE04EC0-301F-11D3-BF4B-00C04F79EFBC}") = "TransDuck.App", "src\TransDuck.App\TransDuck.App.csproj", "{B0539002-6D11-48C6-98BA-24CF9D9FF018}"
EndProject
Project("{FAE04EC0-301F-11D3-BF4B-00C04F79EFBC}") = "TransDuck.Platform.MacOS.Tests", "tests\TransDuck.Platform.MacOS.Tests\TransDuck.Platform.MacOS.Tests.csproj", "{69825E9C-CE39-4B0C-9175-13B8300C56BA}"
EndProject
Project("{FAE04EC0-301F-11D3-BF4B-00C04F79EFBC}") = "TransDuck.Packaging", "packaging\TransDuck.Packaging\TransDuck.Packaging.csproj", "{C72F6B01-653B-49AF-B78B-37E807362D49}"
EndProject
Global
	GlobalSection(SolutionConfigurationPlatforms) = preSolution
		Debug|Any CPU = Debug|Any CPU
		Release|Any CPU = Release|Any CPU
	EndGlobalSection
	GlobalSection(ProjectConfigurationPlatforms) = postSolution
		{AA03C0C6-1D9C-4D35-8664-8A9C0E0508CE}.Debug|Any CPU.ActiveCfg = Debug|Any CPU
		{AA03C0C6-1D9C-4D35-8664-8A9C0E0508CE}.Debug|Any CPU.Build.0 = Debug|Any CPU
		{AA03C0C6-1D9C-4D35-8664-8A9C0E0508CE}.Release|Any CPU.ActiveCfg = Release|Any CPU
		{AA03C0C6-1D9C-4D35-8664-8A9C0E0508CE}.Release|Any CPU.Build.0 = Release|Any CPU
		{B63861EC-1FA2-47A9-BA30-E65D259AEBF7}.Debug|Any CPU.ActiveCfg = Debug|Any CPU
		{B63861EC-1FA2-47A9-BA30-E65D259AEBF7}.Debug|Any CPU.Build.0 = Debug|Any CPU
		{B63861EC-1FA2-47A9-BA30-E65D259AEBF7}.Release|Any CPU.ActiveCfg = Release|Any CPU
		{B63861EC-1FA2-47A9-BA30-E65D259AEBF7}.Release|Any CPU.Build.0 = Release|Any CPU
		{EA1575D2-0C4C-4A27-8888-7D4F0AE6FEAD}.Debug|Any CPU.ActiveCfg = Debug|Any CPU
		{EA1575D2-0C4C-4A27-8888-7D4F0AE6FEAD}.Debug|Any CPU.Build.0 = Debug|Any CPU
		{EA1575D2-0C4C-4A27-8888-7D4F0AE6FEAD}.Release|Any CPU.ActiveCfg = Release|Any CPU
		{EA1575D2-0C4C-4A27-8888-7D4F0AE6FEAD}.Release|Any CPU.Build.0 = Release|Any CPU
		{42E47CC0-7886-43C1-A64A-CB048B41E65A}.Debug|Any CPU.ActiveCfg = Debug|Any CPU
		{42E47CC0-7886-43C1-A64A-CB048B41E65A}.Debug|Any CPU.Build.0 = Debug|Any CPU
		{42E47CC0-7886-43C1-A64A-CB048B41E65A}.Release|Any CPU.ActiveCfg = Release|Any CPU
		{42E47CC0-7886-43C1-A64A-CB048B41E65A}.Release|Any CPU.Build.0 = Release|Any CPU
		{09E73434-74FB-42D8-BD67-08464EB1692B}.Debug|Any CPU.ActiveCfg = Debug|Any CPU
		{09E73434-74FB-42D8-BD67-08464EB1692B}.Debug|Any CPU.Build.0 = Debug|Any CPU
		{09E73434-74FB-42D8-BD67-08464EB1692B}.Release|Any CPU.ActiveCfg = Release|Any CPU
		{09E73434-74FB-42D8-BD67-08464EB1692B}.Release|Any CPU.Build.0 = Release|Any CPU
		{B0539002-6D11-48C6-98BA-24CF9D9FF018}.Debug|Any CPU.ActiveCfg = Debug|Any CPU
		{B0539002-6D11-48C6-98BA-24CF9D9FF018}.Debug|Any CPU.Build.0 = Debug|Any CPU
		{B0539002-6D11-48C6-98BA-24CF9D9FF018}.Release|Any CPU.ActiveCfg = Release|Any CPU
		{B0539002-6D11-48C6-98BA-24CF9D9FF018}.Release|Any CPU.Build.0 = Release|Any CPU
		{69825E9C-CE39-4B0C-9175-13B8300C56BA}.Debug|Any CPU.ActiveCfg = Debug|Any CPU
		{69825E9C-CE39-4B0C-9175-13B8300C56BA}.Debug|Any CPU.Build.0 = Debug|Any CPU
		{69825E9C-CE39-4B0C-9175-13B8300C56BA}.Release|Any CPU.ActiveCfg = Release|Any CPU
		{69825E9C-CE39-4B0C-9175-13B8300C56BA}.Release|Any CPU.Build.0 = Release|Any CPU
		{C72F6B01-653B-49AF-B78B-37E807362D49}.Debug|Any CPU.ActiveCfg = Debug|Any CPU
		{C72F6B01-653B-49AF-B78B-37E807362D49}.Debug|Any CPU.Build.0 = Debug|Any CPU
		{C72F6B01-653B-49AF-B78B-37E807362D49}.Release|Any CPU.ActiveCfg = Release|Any CPU
		{C72F6B01-653B-49AF-B78B-37E807362D49}.Release|Any CPU.Build.0 = Release|Any CPU
	EndGlobalSection
EndGlobal
